
Microsoft Visual Studio Solution File, Format Version 12.00
# Visual Studio 15
Project("{FAE04EC0-301F-11D3-BF4B-00C04F79EFBC}") = "Assembly-CSharp", "Assembly-CSharp.csproj", "{2D73C33A-8896-68C1-35B1-7F98C0A4DCC9}"
EndProject
Project("{FAE04EC0-301F-11D3-BF4B-00C04F79EFBC}") = "Assembly-CSharp", "Assembly-CSharp.Player.csproj", "{B32E45DE-3B98-1B55-2105-27BEC9DC7A9F}"
EndProject
Global
	GlobalSection(SolutionConfigurationPlatforms) = preSolution
		Debug|Any CPU = Debug|Any CPU
		Release|Any CPU = Release|Any CPU
	EndGlobalSection
	GlobalSection(ProjectConfigurationPlatforms) = postSolution
		{2D73C33A-8896-68C1-35B1-7F98C0A4DCC9}.Debug|Any CPU.ActiveCfg = Debug|Any CPU
		{2D73C33A-8896-68C1-35B1-7F98C0A4DCC9}.Debug|Any CPU.Build.0 = Debug|Any CPU
		{2D73C33A-8896-68C1-35B1-7F98C0A4DCC9}.Release|Any CPU.ActiveCfg = Release|Any CPU
		{2D73C33A-8896-68C1-35B1-7F98C0A4DCC9}.Release|Any CPU.Build.0 = Release|Any CPU
		{B32E45DE-3B98-1B55-2105-27BEC9DC7A9F}.Debug|Any CPU.ActiveCfg = Debug|Any CPU
		{B32E45DE-3B98-1B55-2105-27BEC9DC7A9F}.Debug|Any CPU.Build.0 = Debug|Any CPU
		{B32E45DE-3B98-1B55-2105-27BEC9DC7A9F}.Release|Any CPU.ActiveCfg = Release|Any CPU
		{B32E45DE-3B98-1B55-2105-27BEC9DC7A9F}.Release|Any CPU.Build.0 = Release|Any CPU
	EndGlobalSection
	GlobalSection(SolutionProperties) = preSolution
		HideSolutionNode = FALSE
	EndGlobalSection
EndGlobal
